
Microsoft Visual Studio Solution File, Format Version 12.00
# Visual Studio Version 17
VisualStudioVersion = 17.13.35913.81
MinimumVisualStudioVersion = 10.0.40219.1
Project("{8BC9CEB8-8B4A-11D0-8D11-00A0C91BC942}") = "RayIntersection", "Proj1_RayIntersection\RayIntersection.vcxproj", "{92FBD4B6-B371-475D-952F-42743525E670}"
EndProject
Project("{8BC9CEB8-8B4A-11D0-8D11-00A0C91BC942}") = "PhongShading", "Proj2_PhongShading\PhongShading.vcxproj", "{518A2BF6-85FC-4569-9369-4D8982C675AC}"
EndProject
Project("{8BC9CEB8-8B4A-11D0-8D11-00A0C91BC942}") = "MoreLights", "Proj3_MoreLights\MoreLights.vcxproj", "{927E9259-57E8-432C-AEEE-7FA0DD37F255}"
EndProject
Global
	GlobalSection(SolutionConfigurationPlatforms) = preSolution
		Debug|x86 = Debug|x86
		Release|x86 = Release|x86
	EndGlobalSection
	GlobalSection(ProjectConfigurationPlatforms) = postSolution
		{92FBD4B6-B371-475D-952F-42743525E670}.Debug|x86.ActiveCfg = Debug|Win32
		{92FBD4B6-B371-475D-952F-42743525E670}.Debug|x86.Build.0 = Debug|Win32
		{92FBD4B6-B371-475D-952F-42743525E670}.Release|x86.ActiveCfg = Release|Win32
		{92FBD4B6-B371-475D-952F-42743525E670}.Release|x86.Build.0 = Release|Win32
		{518A2BF6-85FC-4569-9369-4D8982C675AC}.Debug|x86.ActiveCfg = Debug|Win32
		{518A2BF6-85FC-4569-9369-4D8982C675AC}.Debug|x86.Build.0 = Debug|Win32
		{518A2BF6-85FC-4569-9369-4D8982C675AC}.Release|x86.ActiveCfg = Release|Win32
		{518A2BF6-85FC-4569-9369-4D8982C675AC}.Release|x86.Build.0 = Release|Win32
		{927E9259-57E8-432C-AEEE-7FA0DD37F255}.Debug|x86.ActiveCfg = Debug|Win32
		{927E9259-57E8-432C-AEEE-7FA0DD37F255}.Debug|x86.Build.0 = Debug|Win32
		{927E9259-57E8-432C-AEEE-7FA0DD37F255}.Release|x86.ActiveCfg = Release|Win32
		{927E9259-57E8-432C-AEEE-7FA0DD37F255}.Release|x86.Build.0 = Release|Win32
	EndGlobalSection
	GlobalSection(SolutionProperties) = preSolution
		HideSolutionNode = FALSE
	EndGlobalSection
	GlobalSection(ExtensibilityGlobals) = postSolution
		SolutionGuid = {9A057650-084C-4900-AD6D-A0C4D42DFC1E}
	EndGlobalSection
EndGlobal
